// !$*UTF8*$!
{
	archiveVersion = 1;
	classes = {
	};
	objectVersion = 46;
	objects = {

/* Begin PBXBuildFile section */
		B70F076A20DA483200D59C0B /* SwiftProtobuf.framework in Frameworks */ = {isa = PBXBuildFile; fileRef = B70F076620DA483100D59C0B /* SwiftProtobuf.framework */; };
		B70F076B20DA483200D59C0B /* SwiftProtobuf.framework in Embed Frameworks */ = {isa = PBXBuildFile; fileRef = B70F076620DA483100D59C0B /* SwiftProtobuf.framework */; settings = {ATTRIBUTES = (CodeSignOnCopy, RemoveHeadersOnCopy, ); }; };
		B70F076C20DA483200D59C0B /* Starscream.framework in Frameworks */ = {isa = PBXBuildFile; fileRef = B70F076720DA483100D59C0B /* Starscream.framework */; };
		B70F076D20DA483200D59C0B /* Starscream.framework in Embed Frameworks */ = {isa = PBXBuildFile; fileRef = B70F076720DA483100D59C0B /* Starscream.framework */; settings = {ATTRIBUTES = (CodeSignOnCopy, RemoveHeadersOnCopy, ); }; };
		B70F076E20DA483200D59C0B /* PolyNetSDK.framework in Frameworks */ = {isa = PBXBuildFile; fileRef = B70F076820DA483100D59C0B /* PolyNetSDK.framework */; };
		B70F076F20DA483200D59C0B /* PolyNetSDK.framework in Embed Frameworks */ = {isa = PBXBuildFile; fileRef = B70F076820DA483100D59C0B /* PolyNetSDK.framework */; settings = {ATTRIBUTES = (CodeSignOnCopy, RemoveHeadersOnCopy, ); }; };
		B7104FF91F18AB070008CFD9 /* main.m in Sources */ = {isa = PBXBuildFile; fileRef = B7104FF81F18AB070008CFD9 /* main.m */; };
		B7104FFC1F18AB070008CFD9 /* AppDelegate.m in Sources */ = {isa = PBXBuildFile; fileRef = B7104FFB1F18AB070008CFD9 /* AppDelegate.m */; };
		B7104FFF1F18AB070008CFD9 /* ViewController.m in Sources */ = {isa = PBXBuildFile; fileRef = B7104FFE1F18AB070008CFD9 /* ViewController.m */; };
		B71050021F18AB070008CFD9 /* Main.storyboard in Resources */ = {isa = PBXBuildFile; fileRef = B71050001F18AB070008CFD9 /* Main.storyboard */; };
		B71050041F18AB070008CFD9 /* Assets.xcassets in Resources */ = {isa = PBXBuildFile; fileRef = B71050031F18AB070008CFD9 /* Assets.xcassets */; };
		B71050071F18AB070008CFD9 /* LaunchScreen.storyboard in Resources */ = {isa = PBXBuildFile; fileRef = B71050051F18AB070008CFD9 /* LaunchScreen.storyboard */; };
/* End PBXBuildFile section */

/* Begin PBXCopyFilesBuildPhase section */
		AFAEF12420D9400D00A6121A /* Embed Frameworks */ = {
			isa = PBXCopyFilesBuildPhase;
			buildActionMask = 2147483647;
			dstPath = "";
			dstSubfolderSpec = 10;
			files = (
				B70F076B20DA483200D59C0B /* SwiftProtobuf.framework in Embed Frameworks */,
				B70F076F20DA483200D59C0B /* PolyNetSDK.framework in Embed Frameworks */,
				B70F076D20DA483200D59C0B /* Starscream.framework in Embed Frameworks */,
			);
			name = "Embed Frameworks";
			runOnlyForDeploymentPostprocessing = 0;
		};
/* End PBXCopyFilesBuildPhase section */

/* Begin PBXFileReference section */
		B70F076620DA483100D59C0B /* SwiftProtobuf.framework */ = {isa = PBXFileReference; lastKnownFileType = wrapper.framework; path = SwiftProtobuf.framework; sourceTree = "<group>"; };
		B70F076720DA483100D59C0B /* Starscream.framework */ = {isa = PBXFileReference; lastKnownFileType = wrapper.framework; path = Starscream.framework; sourceTree = "<group>"; };
		B70F076820DA483100D59C0B /* PolyNetSDK.framework */ = {isa = PBXFileReference; lastKnownFileType = wrapper.framework; path = PolyNetSDK.framework; sourceTree = "<group>"; };
		B7104FF41F18AB070008CFD9 /* PolyNetSampleObjectiveC.app */ = {isa = PBXFileReference; explicitFileType = wrapper.application; includeInIndex = 0; path = PolyNetSampleObjectiveC.app; sourceTree = BUILT_PRODUCTS_DIR; };
		B7104FF81F18AB070008CFD9 /* main.m */ = {isa = PBXFileReference; lastKnownFileType = sourcecode.c.objc; path = main.m; sourceTree = "<group>"; };
		B7104FFA1F18AB070008CFD9 /* AppDelegate.h */ = {isa = PBXFileReference; lastKnownFileType = sourcecode.c.h; path = AppDelegate.h; sourceTree = "<group>"; };
		B7104FFB1F18AB070008CFD9 /* AppDelegate.m */ = {isa = PBXFileReference; lastKnownFileType = sourcecode.c.objc; path = AppDelegate.m; sourceTree = "<group>"; };
		B7104FFD1F18AB070008CFD9 /* ViewController.h */ = {isa = PBXFileReference; lastKnownFileType = sourcecode.c.h; path = ViewController.h; sourceTree = "<group>"; };
		B7104FFE1F18AB070008CFD9 /* ViewController.m */ = {isa = PBXFileReference; lastKnownFileType = sourcecode.c.objc; path = ViewController.m; sourceTree = "<group>"; };
		B71050011F18AB070008CFD9 /* Base */ = {isa = PBXFileReference; lastKnownFileType = file.storyboard; name = Base; path = Base.lproj/Main.storyboard; sourceTree = "<group>"; };
		B71050031F18AB070008CFD9 /* Assets.xcassets */ = {isa = PBXFileReference; lastKnownFileType = folder.assetcatalog; path = Assets.xcassets; sourceTree = "<group>"; };
		B71050061F18AB070008CFD9 /* Base */ = {isa = PBXFileReference; lastKnownFileType = file.storyboard; name = Base; path = Base.lproj/LaunchScreen.storyboard; sourceTree = "<group>"; };
		B71050081F18AB070008CFD9 /* Info.plist */ = {isa = PBXFileReference; lastKnownFileType = text.plist.xml; path = Info.plist; sourceTree = "<group>"; };
/* End PBXFileReference section */

/* Begin PBXFrameworksBuildPhase section */
		B7104FF11F18AB070008CFD9 /* Frameworks */ = {
			isa = PBXFrameworksBuildPhase;
			buildActionMask = 2147483647;
			files = (
				B70F076A20DA483200D59C0B /* SwiftProtobuf.framework in Frameworks */,
				B70F076E20DA483200D59C0B /* PolyNetSDK.framework in Frameworks */,
				B70F076C20DA483200D59C0B /* Starscream.framework in Frameworks */,
			);
			runOnlyForDeploymentPostprocessing = 0;
		};
/* End PBXFrameworksBuildPhase section */

/* Begin PBXGroup section */
		B70521581F260BD200E88BE5 /* Frameworks */ = {
			isa = PBXGroup;
			children = (
				B70F076820DA483100D59C0B /* PolyNetSDK.framework */,
				B70F076720DA483100D59C0B /* Starscream.framework */,
				B70F076620DA483100D59C0B /* SwiftProtobuf.framework */,
			);
			name = Frameworks;
			sourceTree = "<group>";
		};
		B7104FEB1F18AB070008CFD9 = {
			isa = PBXGroup;
			children = (
				B7104FF61F18AB070008CFD9 /* PolyNetSampleObjectiveC */,
				B70521581F260BD200E88BE5 /* Frameworks */,
				B7104FF51F18AB070008CFD9 /* Products */,
			);
			sourceTree = "<group>";
		};
		B7104FF51F18AB070008CFD9 /* Products */ = {
			isa = PBXGroup;
			children = (
				B7104FF41F18AB070008CFD9 /* PolyNetSampleObjectiveC.app */,
			);
			name = Products;
			sourceTree = "<group>";
		};
		B7104FF61F18AB070008CFD9 /* PolyNetSampleObjectiveC */ = {
			isa = PBXGroup;
			children = (
				B7104FFA1F18AB070008CFD9 /* AppDelegate.h */,
				B7104FFB1F18AB070008CFD9 /* AppDelegate.m */,
				B7104FFD1F18AB070008CFD9 /* ViewController.h */,
				B7104FFE1F18AB070008CFD9 /* ViewController.m */,
				B71050001F18AB070008CFD9 /* Main.storyboard */,
				B71050031F18AB070008CFD9 /* Assets.xcassets */,
				B71050051F18AB070008CFD9 /* LaunchScreen.storyboard */,
				B71050081F18AB070008CFD9 /* Info.plist */,
				B7104FF71F18AB070008CFD9 /* Supporting Files */,
			);
			path = PolyNetSampleObjectiveC;
			sourceTree = "<group>";
		};
		B7104FF71F18AB070008CFD9 /* Supporting Files */ = {
			isa = PBXGroup;
			children = (
				B7104FF81F18AB070008CFD9 /* main.m */,
			);
			name = "Supporting Files";
			sourceTree = "<group>";
		};
/* End PBXGroup section */

/* Begin PBXNativeTarget section */
		B7104FF31F18AB070008CFD9 /* PolyNetSampleObjectiveC */ = {
			isa = PBXNativeTarget;
			buildConfigurationList = B710500B1F18AB070008CFD9 /* Build configuration list for PBXNativeTarget "PolyNetSampleObjectiveC" */;
			buildPhases = (
				B7104FF01F18AB070008CFD9 /* Sources */,
				B7104FF11F18AB070008CFD9 /* Frameworks */,
				B7104FF21F18AB070008CFD9 /* Resources */,
				AFAEF12420D9400D00A6121A /* Embed Frameworks */,
			);
			buildRules = (
			);
			dependencies = (
			);
			name = PolyNetSampleObjectiveC;
			productName = PolyNetSampleObjectiveC;
			productReference = B7104FF41F18AB070008CFD9 /* PolyNetSampleObjectiveC.app */;
			productType = "com.apple.product-type.application";
		};
/* End PBXNativeTarget section */

/* Begin PBXProject section */
		B7104FEC1F18AB070008CFD9 /* Project object */ = {
			isa = PBXProject;
			attributes = {
				LastUpgradeCheck = 1130;
				ORGANIZATIONNAME = System73;
				TargetAttributes = {
					B7104FF31F18AB070008CFD9 = {
						CreatedOnToolsVersion = 8.3.3;
						ProvisioningStyle = Automatic;
					};
				};
			};
			buildConfigurationList = B7104FEF1F18AB070008CFD9 /* Build configuration list for PBXProject "PolyNetSampleObjectiveC" */;
			compatibilityVersion = "Xcode 3.2";
			developmentRegion = en;
			hasScannedForEncodings = 0;
			knownRegions = (
				en,
				Base,
			);
			mainGroup = B7104FEB1F18AB070008CFD9;
			productRefGroup = B7104FF51F18AB070008CFD9 /* Products */;
			projectDirPath = "";
			projectRoot = "";
			targets = (
				B7104FF31F18AB070008CFD9 /* PolyNetSampleObjectiveC */,
			);
		};
/* End PBXProject section */

/* Begin PBXResourcesBuildPhase section */
		B7104FF21F18AB070008CFD9 /* Resources */ = {
			isa = PBXResourcesBuildPhase;
			buildActionMask = 2147483647;
			files = (
				B71050071F18AB070008CFD9 /* LaunchScreen.storyboard in Resources */,
				B71050041F18AB070008CFD9 /* Assets.xcassets in Resources */,
				B71050021F18AB070008CFD9 /* Main.storyboard in Resources */,
			);
			runOnlyForDeploymentPostprocessing = 0;
		};
/* End PBXResourcesBuildPhase section */

/* Begin PBXSourcesBuildPhase section */
		B7104FF01F18AB070008CFD9 /* Sources */ = {
			isa = PBXSourcesBuildPhase;
			buildActionMask = 2147483647;
			files = (
				B7104FFF1F18AB070008CFD9 /* ViewController.m in Sources */,
				B7104FFC1F18AB070008CFD9 /* AppDelegate.m in Sources */,
				B7104FF91F18AB070008CFD9 /* main.m in Sources */,
			);
			runOnlyForDeploymentPostprocessing = 0;
		};
/* End PBXSourcesBuildPhase section */

/* Begin PBXVariantGroup section */
		B71050001F18AB070008CFD9 /* Main.storyboard */ = {
			isa = PBXVariantGroup;
			children = (
				B71050011F18AB070008CFD9 /* Base */,
			);
			name = Main.storyboard;
			sourceTree = "<group>";
		};
		B71050051F18AB070008CFD9 /* LaunchScreen.storyboard */ = {
			isa = PBXVariantGroup;
			children = (
				B71050061F18AB070008CFD9 /* Base */,
			);
			name = LaunchScreen.storyboard;
			sourceTree = "<group>";
		};
/* End PBXVariantGroup section */

/* Begin XCBuildConfiguration section */
		B71050091F18AB070008CFD9 /* Debug */ = {
			isa = XCBuildConfiguration;
			buildSettings = {
				ALWAYS_SEARCH_USER_PATHS = NO;
				CLANG_ANALYZER_LOCALIZABILITY_NONLOCALIZED = YES;
				CLANG_ANALYZER_NONNULL = YES;
				CLANG_ANALYZER_NUMBER_OBJECT_CONVERSION = YES_AGGRESSIVE;
				CLANG_CXX_LANGUAGE_STANDARD = "gnu++0x";
				CLANG_CXX_LIBRARY = "libc++";
				CLANG_ENABLE_MODULES = YES;
				CLANG_ENABLE_OBJC_ARC = YES;
				CLANG_WARN_BLOCK_CAPTURE_AUTORELEASING = YES;
				CLANG_WARN_BOOL_CONVERSION = YES;
				CLANG_WARN_COMMA = YES;
				CLANG_WARN_CONSTANT_CONVERSION = YES;
				CLANG_WARN_DEPRECATED_OBJC_IMPLEMENTATIONS = YES;
				CLANG_WARN_DIRECT_OBJC_ISA_USAGE = YES_ERROR;
				CLANG_WARN_DOCUMENTATION_COMMENTS = YES;
				CLANG_WARN_EMPTY_BODY = YES;
				CLANG_WARN_ENUM_CONVERSION = YES;
				CLANG_WARN_INFINITE_RECURSION = YES;
				CLANG_WARN_INT_CONVERSION = YES;
				CLANG_WARN_NON_LITERAL_NULL_CONVERSION = YES;
				CLANG_WARN_OBJC_IMPLICIT_RETAIN_SELF = YES;
				CLANG_WARN_OBJC_LITERAL_CONVERSION = YES;
				CLANG_WARN_OBJC_ROOT_CLASS = YES_ERROR;
				CLANG_WARN_RANGE_LOOP_ANALYSIS = YES;
				CLANG_WARN_STRICT_PROTOTYPES = YES;
				CLANG_WARN_SUSPICIOUS_MOVE = YES;
				CLANG_WARN_UNREACHABLE_CODE = YES;
				CLANG_WARN__DUPLICATE_METHOD_MATCH = YES;
				"CODE_SIGN_IDENTITY[sdk=iphoneos*]" = "iPhone Developer";
				COPY_PHASE_STRIP = NO;
				DEBUG_INFORMATION_FORMAT = dwarf;
				ENABLE_STRICT_OBJC_MSGSEND = YES;
				ENABLE_TESTABILITY = YES;
				GCC_C_LANGUAGE_STANDARD = gnu99;
				GCC_DYNAMIC_NO_PIC = NO;
				GCC_NO_COMMON_BLOCKS = YES;
				GCC_OPTIMIZATION_LEVEL = 0;
				GCC_PREPROCESSOR_DEFINITIONS = (
					"DEBUG=1",
					"$(inherited)",
				);
				GCC_WARN_64_TO_32_BIT_CONVERSION = YES;
				GCC_WARN_ABOUT_RETURN_TYPE = YES_ERROR;
				GCC_WARN_UNDECLARED_SELECTOR = YES;
				GCC_WARN_UNINITIALIZED_AUTOS = YES_AGGRESSIVE;
				GCC_WARN_UNUSED_FUNCTION = YES;
				GCC_WARN_UNUSED_VARIABLE = YES;
				IPHONEOS_DEPLOYMENT_TARGET = 10.3;
				MTL_ENABLE_DEBUG_INFO = YES;
				ONLY_ACTIVE_ARCH = YES;
				SDKROOT = iphoneos;
				TARGETED_DEVICE_FAMILY = "1,2";
			};
			name = Debug;
		};
		B710500A1F18AB070008CFD9 /* Release */ = {
			isa = XCBuildConfiguration;
			buildSettings = {
				ALWAYS_SEARCH_USER_PATHS = NO;
				CLANG_ANALYZER_LOCALIZABILITY_NONLOCALIZED = YES;
				CLANG_ANALYZER_NONNULL = YES;
				CLANG_ANALYZER_NUMBER_OBJECT_CONVERSION = YES_AGGRESSIVE;
				CLANG_CXX_LANGUAGE_STANDARD = "gnu++0x";
				CLANG_CXX_LIBRARY = "libc++";
				CLANG_ENABLE_MODULES = YES;
				CLANG_ENABLE_OBJC_ARC = YES;
				CLANG_WARN_BLOCK_CAPTURE_AUTORELEASING = YES;
				CLANG_WARN_BOOL_CONVERSION = YES;
				CLANG_WARN_COMMA = YES;
				CLANG_WARN_CONSTANT_CONVERSION = YES;
				CLANG_WARN_DEPRECATED_OBJC_IMPLEMENTATIONS = YES;
				CLANG_WARN_DIRECT_OBJC_ISA_USAGE = YES_ERROR;
				CLANG_WARN_DOCUMENTATION_COMMENTS = YES;
				CLANG_WARN_EMPTY_BODY = YES;
				CLANG_WARN_ENUM_CONVERSION = YES;
				CLANG_WARN_INFINITE_RECURSION = YES;
				CLANG_WARN_INT_CONVERSION = YES;
				CLANG_WARN_NON_LITERAL_NULL_CONVERSION = YES;
				CLANG_WARN_OBJC_IMPLICIT_RETAIN_SELF = YES;
				CLANG_WARN_OBJC_LITERAL_CONVERSION = YES;
				CLANG_WARN_OBJC_ROOT_CLASS = YES_ERROR;
				CLANG_WARN_RANGE_LOOP_ANALYSIS = YES;
				CLANG_WARN_STRICT_PROTOTYPES = YES;
				CLANG_WARN_SUSPICIOUS_MOVE = YES;
				CLANG_WARN_UNREACHABLE_CODE = YES;
				CLANG_WARN__DUPLICATE_METHOD_MATCH = YES;
				"CODE_SIGN_IDENTITY[sdk=iphoneos*]" = "iPhone Developer";
				COPY_PHASE_STRIP = NO;
				DEBUG_INFORMATION_FORMAT = "dwarf-with-dsym";
				ENABLE_NS_ASSERTIONS = NO;
				ENABLE_STRICT_OBJC_MSGSEND = YES;
				GCC_C_LANGUAGE_STANDARD = gnu99;
				GCC_NO_COMMON_BLOCKS = YES;
				GCC_WARN_64_TO_32_BIT_CONVERSION = YES;
				GCC_WARN_ABOUT_RETURN_TYPE = YES_ERROR;
				GCC_WARN_UNDECLARED_SELECTOR = YES;
				GCC_WARN_UNINITIALIZED_AUTOS = YES_AGGRESSIVE;
				GCC_WARN_UNUSED_FUNCTION = YES;
				GCC_WARN_UNUSED_VARIABLE = YES;
				IPHONEOS_DEPLOYMENT_TARGET = 10.3;
				MTL_ENABLE_DEBUG_INFO = NO;
				SDKROOT = iphoneos;
				TARGETED_DEVICE_FAMILY = "1,2";
				VALIDATE_PRODUCT = YES;
			};
			name = Release;
		};
		B710500C1F18AB070008CFD9 /* Debug */ = {
			isa = XCBuildConfiguration;
			buildSettings = {
				ASSETCATALOG_COMPILER_APPICON_NAME = AppIcon;
				DEVELOPMENT_TEAM = "";
				ENABLE_BITCODE = NO;
				FRAMEWORK_SEARCH_PATHS = (
					"$(inherited)",
					"$(SRCROOT)",
					"$(PROJECT_DIR)",
				);
				INFOPLIST_FILE = PolyNetSampleObjectiveC/Info.plist;
				IPHONEOS_DEPLOYMENT_TARGET = 11.1;
				LD_RUNPATH_SEARCH_PATHS = "$(inherited) @executable_path/Frameworks";
				LIBRARY_SEARCH_PATHS = "";
				OTHER_LDFLAGS = (
					"-ObjC",
					"-lstdc++",
					"$(inherited)",
				);
				PRODUCT_BUNDLE_IDENTIFIER = S73.PolyNetSampleObjectiveC;
				PRODUCT_NAME = "$(TARGET_NAME)";
			};
			name = Debug;
		};
		B710500D1F18AB070008CFD9 /* Release */ = {
			isa = XCBuildConfiguration;
			buildSettings = {
				ASSETCATALOG_COMPILER_APPICON_NAME = AppIcon;
				DEVELOPMENT_TEAM = "";
				ENABLE_BITCODE = NO;
				FRAMEWORK_SEARCH_PATHS = (
					"$(inherited)",
					"$(SRCROOT)",
					"$(PROJECT_DIR)",
				);
				INFOPLIST_FILE = PolyNetSampleObjectiveC/Info.plist;
				IPHONEOS_DEPLOYMENT_TARGET = 11.1;
				LD_RUNPATH_SEARCH_PATHS = "$(inherited) @executable_path/Frameworks";
				LIBRARY_SEARCH_PATHS = "";
				OTHER_LDFLAGS = (
					"-ObjC",
					"-lstdc++",
					"$(inherited)",
				);
				PRODUCT_BUNDLE_IDENTIFIER = S73.PolyNetSampleObjectiveC;
				PRODUCT_NAME = "$(TARGET_NAME)";
			};
			name = Release;
		};
/* End XCBuildConfiguration section */

/* Begin XCConfigurationList section */
		B7104FEF1F18AB070008CFD9 /* Build configuration list for PBXProject "PolyNetSampleObjectiveC" */ = {
			isa = XCConfigurationList;
			buildConfigurations = (
				B71050091F18AB070008CFD9 /* Debug */,
				B710500A1F18AB070008CFD9 /* Release */,
			);
			defaultConfigurationIsVisible = 0;
			defaultConfigurationName = Release;
		};
		B710500B1F18AB070008CFD9 /* Build configuration list for PBXNativeTarget "PolyNetSampleObjectiveC" */ = {
			isa = XCConfigurationList;
			buildConfigurations = (
				B710500C1F18AB070008CFD9 /* Debug */,
				B710500D1F18AB070008CFD9 /* Release */,
			);
			defaultConfigurationIsVisible = 0;
			defaultConfigurationName = Release;
		};
/* End XCConfigurationList section */
	};
	rootObject = B7104FEC1F18AB070008CFD9 /* Project object */;
}
